
Microsoft Visual Studio Solution File, Format Version 12.00
# Visual Studio Version 16
VisualStudioVersion = 16.0.32002.261
MinimumVisualStudioVersion = 10.0.40219.1
Project("{FAE04EC0-301F-11D3-BF4B-00C04F79EFBC}") = "JardimaMesa", "JardimaMesa\JardimaMesa.csproj", "{A80349C9-EABE-4C2D-89F9-664CCC5377A5}"
EndProject
Global
	GlobalSection(SolutionConfigurationPlatforms) = preSolution
		Debug|Any CPU = Debug|Any CPU
		Release|Any CPU = Release|Any CPU
	EndGlobalSection
	GlobalSection(ProjectConfigurationPlatforms) = postSolution
		{A80349C9-EABE-4C2D-89F9-664CCC5377A5}.Debug|Any CPU.ActiveCfg = Debug|Any CPU
		{A80349C9-EABE-4C2D-89F9-664CCC5377A5}.Debug|Any CPU.Build.0 = Debug|Any CPU
		{A80349C9-EABE-4C2D-89F9-664CCC5377A5}.Release|Any CPU.ActiveCfg = Release|Any CPU
		{A80349C9-EABE-4C2D-89F9-664CCC5377A5}.Release|Any CPU.Build.0 = Release|Any CPU
	EndGlobalSection
	GlobalSection(SolutionProperties) = preSolution
		HideSolutionNode = FALSE
	EndGlobalSection
	GlobalSection(ExtensibilityGlobals) = postSolution
		SolutionGuid = {98A35DD8-3106-448E-B5B7-BEAFB2DCC662}
	EndGlobalSection
EndGlobal
